
Microsoft Visual Studio Solution File, Format Version 12.00
# Visual Studio 15
VisualStudioVersion = 15.0.28307.1684
MinimumVisualStudioVersion = 10.0.40219.1
Project("{FAE04EC0-301F-11D3-BF4B-00C04F79EFBC}") = "Online_Shop", "Online_Shop.csproj", "{A5E85787-69D5-46D3-9FA9-9C67DF97E66C}"
EndProject
Global
	GlobalSection(SolutionConfigurationPlatforms) = preSolution
		Debug|Any CPU = Debug|Any CPU
		Release|Any CPU = Release|Any CPU
	EndGlobalSection
	GlobalSection(ProjectConfigurationPlatforms) = postSolution
		{A5E85787-69D5-46D3-9FA9-9C67DF97E66C}.Debug|Any CPU.ActiveCfg = Debug|Any CPU
		{A5E85787-69D5-46D3-9FA9-9C67DF97E66C}.Debug|Any CPU.Build.0 = Debug|Any CPU
		{A5E85787-69D5-46D3-9FA9-9C67DF97E66C}.Release|Any CPU.ActiveCfg = Release|Any CPU
		{A5E85787-69D5-46D3-9FA9-9C67DF97E66C}.Release|Any CPU.Build.0 = Release|Any CPU
	EndGlobalSection
	GlobalSection(SolutionProperties) = preSolution
		HideSolutionNode = FALSE
	EndGlobalSection
	GlobalSection(ExtensibilityGlobals) = postSolution
		SolutionGuid = {CC00E7C9-8A90-445D-AAD1-CFE94DF404D5}
	EndGlobalSection
EndGlobal
